
Microsoft Visual Studio Solution File, Format Version 12.00
# Visual Studio Version 16
VisualStudioVersion = 16.0.30804.86
MinimumVisualStudioVersion = 10.0.40219.1
Project("{FAE04EC0-301F-11D3-BF4B-00C04F79EFBC}") = "FootballWorldCupScoreBoard", "FootballWorldCupScoreBoard\FootballWorldCupScoreBoard.csproj", "{296DE4DA-DD70-4006-BF75-2CB77F3BB02F}"
EndProject
Project("{FAE04EC0-301F-11D3-BF4B-00C04F79EFBC}") = "GeneralBoard", "GeneralBoard\GeneralBoard.csproj", "{071B1C75-FAE5-489B-875D-A514B077DC76}"
EndProject
Global
	GlobalSection(SolutionConfigurationPlatforms) = preSolution
		Debug|Any CPU = Debug|Any CPU
		Release|Any CPU = Release|Any CPU
	EndGlobalSection
	GlobalSection(ProjectConfigurationPlatforms) = postSolution
		{296DE4DA-DD70-4006-BF75-2CB77F3BB02F}.Debug|Any CPU.ActiveCfg = Debug|Any CPU
		{296DE4DA-DD70-4006-BF75-2CB77F3BB02F}.Debug|Any CPU.Build.0 = Debug|Any CPU
		{296DE4DA-DD70-4006-BF75-2CB77F3BB02F}.Release|Any CPU.ActiveCfg = Release|Any CPU
		{296DE4DA-DD70-4006-BF75-2CB77F3BB02F}.Release|Any CPU.Build.0 = Release|Any CPU
		{071B1C75-FAE5-489B-875D-A514B077DC76}.Debug|Any CPU.ActiveCfg = Debug|Any CPU
		{071B1C75-FAE5-489B-875D-A514B077DC76}.Debug|Any CPU.Build.0 = Debug|Any CPU
		{071B1C75-FAE5-489B-875D-A514B077DC76}.Release|Any CPU.ActiveCfg = Release|Any CPU
		{071B1C75-FAE5-489B-875D-A514B077DC76}.Release|Any CPU.Build.0 = Release|Any CPU
	EndGlobalSection
	GlobalSection(SolutionProperties) = preSolution
		HideSolutionNode = FALSE
	EndGlobalSection
	GlobalSection(ExtensibilityGlobals) = postSolution
		SolutionGuid = {015C0385-3791-4129-9C9E-07162FFEB1A7}
	EndGlobalSection
EndGlobal
